github.com/sudzekai-web-os/abstractions v1.0.1 h1:QrSOsO5jyFw1p+UNHF71DwmgXOTOVAKutLmNnVFBMh8=
github.com/sudzekai-web-os/abstractions v1.0.1/go.mod h1:+rnliRovpU9THSXDXy0tLUfojCsYHRWxYi9JnztQbyY=
github.com/sudzekai-web-os/types v1.0.1 h1:4N+7wNm/RftT+dUggodQplBQmEnBEScZDvYQphq6d/k=
github.com/sudzekai-web-os/types v1.0.1/go.mod h1:Jn/g3qidr+vtt+xVwEPdzIwe0eQ2p7xH9OZe/weiWZ0=
